
Microsoft Visual Studio Solution File, Format Version 12.00
# Visual Studio Version 17
VisualStudioVersion = 17.8.34330.188
MinimumVisualStudioVersion = 10.0.40219.1
Project("{FAE04EC0-301F-11D3-BF4B-00C04F79EFBC}") = "FileManager", "FileManager\FileManager.csproj", "{C0A56773-583C-4AEF-A478-56C3974DAB86}"
EndProject
Global
	GlobalSection(SolutionConfigurationPlatforms) = preSolution
		Debug|Any CPU = Debug|Any CPU
		Release|Any CPU = Release|Any CPU
	EndGlobalSection
	GlobalSection(ProjectConfigurationPlatforms) = postSolution
		{C0A56773-583C-4AEF-A478-56C3974DAB86}.Debug|Any CPU.ActiveCfg = Debug|Any CPU
		{C0A56773-583C-4AEF-A478-56C3974DAB86}.Debug|Any CPU.Build.0 = Debug|Any CPU
		{C0A56773-583C-4AEF-A478-56C3974DAB86}.Debug|Any CPU.Deploy.0 = Debug|Any CPU
		{C0A56773-583C-4AEF-A478-56C3974DAB86}.Release|Any CPU.ActiveCfg = Release|Any CPU
		{C0A56773-583C-4AEF-A478-56C3974DAB86}.Release|Any CPU.Build.0 = Release|Any CPU
		{C0A56773-583C-4AEF-A478-56C3974DAB86}.Release|Any CPU.Deploy.0 = Release|Any CPU
	EndGlobalSection
	GlobalSection(SolutionProperties) = preSolution
		HideSolutionNode = FALSE
	EndGlobalSection
	GlobalSection(ExtensibilityGlobals) = postSolution
		SolutionGuid = {433F5FB7-7439-4F6E-A49F-15CB8FE64E46}
	EndGlobalSection
EndGlobal
